<?xml version="1.0" encoding="utf-8"?>
<Project ToolsVersion="4.0" xmlns="http://schemas.microsoft.com/developer/msbuild/2003">
  <ItemGroup>
    <Filter Include="ソース ファイル">
      <UniqueIdentifier>{4FC737F1-C7A5-4376-A066-2A32D752A2FF}</UniqueIdentifier>
      <Extensions>cpp;c;cc;cxx;def;odl;idl;hpj;bat;asm;asmx</Extensions>
    </Filter>
    <Filter Include="リソース ファイル">
      <UniqueIdentifier>{67DA6AB6-F800-4c08-8B7A-83BB121AAD01}</UniqueIdentifier>
      <Extensions>rc;ico;cur;bmp;dlg;rc2;rct;bin;rgs;gif;jpg;jpeg;jpe;resx;tiff;tif;png;wav;mfcribbon-ms</Extensions>
    </Filter>
    <Filter Include="リソース ファイル\ヘッダー ファイル">
      <UniqueIdentifier>{93995380-89BD-4b04-88EB-625FBE52EBFB}</UniqueIdentifier>
      <Extensions>h;hh;hpp;hxx;hm;inl;inc;xsd</Extensions>
    </Filter>
  </ItemGroup>
  <ItemGroup>
    <ClCompile Include="code\billboard.cpp">
      <Filter>ソース ファイル</Filter>
    </ClCompile>
    <ClCompile Include="code\bullet.cpp">
      <Filter>ソース ファイル</Filter>
    </ClCompile>
    <ClCompile Include="code\bulletUI.cpp">
      <Filter>ソース ファイル</Filter>
    </ClCompile>
    <ClCompile Include="code\camera.cpp">
      <Filter>ソース ファイル</Filter>
    </ClCompile>
    <ClCompile Include="code\character.cpp">
      <Filter>ソース ファイル</Filter>
    </ClCompile>
    <ClCompile Include="code\collision.cpp">
      <Filter>ソース ファイル</Filter>
    </ClCompile>
    <ClCompile Include="code\debugproc.cpp">
      <Filter>ソース ファイル</Filter>
    </ClCompile>
    <ClCompile Include="code\dispdetection.cpp">
      <Filter>ソース ファイル</Filter>
    </ClCompile>
    <ClCompile Include="code\displife.cpp">
      <Filter>ソース ファイル</Filter>
    </ClCompile>
    <ClCompile Include="code\effect.cpp">
      <Filter>ソース ファイル</Filter>
    </ClCompile>
    <ClCompile Include="code\effectline.cpp">
      <Filter>ソース ファイル</Filter>
    </ClCompile>
    <ClCompile Include="code\effectsord.cpp">
      <Filter>ソース ファイル</Filter>
    </ClCompile>
    <ClCompile Include="code\enemy.cpp">
      <Filter>ソース ファイル</Filter>
    </ClCompile>
    <ClCompile Include="code\enemyBoss.cpp">
      <Filter>ソース ファイル</Filter>
    </ClCompile>
    <ClCompile Include="code\enemymanager.cpp">
      <Filter>ソース ファイル</Filter>
    </ClCompile>
    <ClCompile Include="code\enemymedBoss.cpp">
      <Filter>ソース ファイル</Filter>
    </ClCompile>
    <ClCompile Include="code\enemyweak.cpp">
      <Filter>ソース ファイル</Filter>
    </ClCompile>
    <ClCompile Include="code\explosion.cpp">
      <Filter>ソース ファイル</Filter>
    </ClCompile>
    <ClCompile Include="code\fade.cpp">
      <Filter>ソース ファイル</Filter>
    </ClCompile>
    <ClCompile Include="code\field.cpp">
      <Filter>ソース ファイル</Filter>
    </ClCompile>
    <ClCompile Include="code\frame.cpp">
      <Filter>ソース ファイル</Filter>
    </ClCompile>
    <ClCompile Include="code\game.cpp">
      <Filter>ソース ファイル</Filter>
    </ClCompile>
    <ClCompile Include="code\gameUI.cpp">
      <Filter>ソース ファイル</Filter>
    </ClCompile>
    <ClCompile Include="code\icon.cpp">
      <Filter>ソース ファイル</Filter>
    </ClCompile>
    <ClCompile Include="code\impact.cpp">
      <Filter>ソース ファイル</Filter>
    </ClCompile>
    <ClCompile Include="code\input.cpp">
      <Filter>ソース ファイル</Filter>
    </ClCompile>
    <ClCompile Include="code\item.cpp">
      <Filter>ソース ファイル</Filter>
    </ClCompile>
    <ClCompile Include="code\itemicon.cpp">
      <Filter>ソース ファイル</Filter>
    </ClCompile>
    <ClCompile Include="code\itemslot.cpp">
      <Filter>ソース ファイル</Filter>
    </ClCompile>
    <ClCompile Include="code\life.cpp">
      <Filter>ソース ファイル</Filter>
    </ClCompile>
    <ClCompile Include="code\lifegage.cpp">
      <Filter>ソース ファイル</Filter>
    </ClCompile>
    <ClCompile Include="code\light.cpp">
      <Filter>ソース ファイル</Filter>
    </ClCompile>
    <ClCompile Include="code\main.cpp">
      <Filter>ソース ファイル</Filter>
    </ClCompile>
    <ClCompile Include="code\manager.cpp">
      <Filter>ソース ファイル</Filter>
    </ClCompile>
    <ClCompile Include="code\map.cpp">
      <Filter>ソース ファイル</Filter>
    </ClCompile>
    <ClCompile Include="code\model.cpp">
      <Filter>ソース ファイル</Filter>
    </ClCompile>
    <ClCompile Include="code\motion.cpp">
      <Filter>ソース ファイル</Filter>
    </ClCompile>
    <ClCompile Include="code\number.cpp">
      <Filter>ソース ファイル</Filter>
    </ClCompile>
    <ClCompile Include="code\object.cpp">
      <Filter>ソース ファイル</Filter>
    </ClCompile>
    <ClCompile Include="code\object2D.cpp">
      <Filter>ソース ファイル</Filter>
    </ClCompile>
    <ClCompile Include="code\object3D.cpp">
      <Filter>ソース ファイル</Filter>
    </ClCompile>
    <ClCompile Include="code\objectMesh.cpp">
      <Filter>ソース ファイル</Filter>
    </ClCompile>
    <ClCompile Include="code\objectX.cpp">
      <Filter>ソース ファイル</Filter>
    </ClCompile>
    <ClCompile Include="code\particl.cpp">
      <Filter>ソース ファイル</Filter>
    </ClCompile>
    <ClCompile Include="code\pause.cpp">
      <Filter>ソース ファイル</Filter>
    </ClCompile>
    <ClCompile Include="code\player.cpp">
      <Filter>ソース ファイル</Filter>
    </ClCompile>
    <ClCompile Include="code\ranking.cpp">
      <Filter>ソース ファイル</Filter>
    </ClCompile>
    <ClCompile Include="code\rankinglogo.cpp">
      <Filter>ソース ファイル</Filter>
    </ClCompile>
    <ClCompile Include="code\renderer.cpp">
      <Filter>ソース ファイル</Filter>
    </ClCompile>
    <ClCompile Include="code\result.cpp">
      <Filter>ソース ファイル</Filter>
    </ClCompile>
    <ClCompile Include="code\score.cpp">
      <Filter>ソース ファイル</Filter>
    </ClCompile>
    <ClCompile Include="code\shadow.cpp">
      <Filter>ソース ファイル</Filter>
    </ClCompile>
    <ClCompile Include="code\sky.cpp">
      <Filter>ソース ファイル</Filter>
    </ClCompile>
    <ClCompile Include="code\slot.cpp">
      <Filter>ソース ファイル</Filter>
    </ClCompile>
    <ClCompile Include="code\sound.cpp">
      <Filter>ソース ファイル</Filter>
    </ClCompile>
    <ClCompile Include="code\target.cpp">
      <Filter>ソース ファイル</Filter>
    </ClCompile>
    <ClCompile Include="code\texture.cpp">
      <Filter>ソース ファイル</Filter>
    </ClCompile>
    <ClCompile Include="code\time.cpp">
      <Filter>ソース ファイル</Filter>
    </ClCompile>
    <ClCompile Include="code\title.cpp">
      <Filter>ソース ファイル</Filter>
    </ClCompile>
    <ClCompile Include="code\titlelogo.cpp">
      <Filter>ソース ファイル</Filter>
    </ClCompile>
    <ClCompile Include="code\titleUI.cpp">
      <Filter>ソース ファイル</Filter>
    </ClCompile>
    <ClCompile Include="code\tutorial.cpp">
      <Filter>ソース ファイル</Filter>
    </ClCompile>
    <ClCompile Include="code\tutorialAI.cpp">
      <Filter>ソース ファイル</Filter>
    </ClCompile>
    <ClCompile Include="code\tutorialUI.cpp">
      <Filter>ソース ファイル</Filter>
    </ClCompile>
    <ClCompile Include="code\tutoriallogo.cpp">
      <Filter>ソース ファイル</Filter>
    </ClCompile>
  </ItemGroup>
  <ItemGroup>
    <ClInclude Include="code\billboard.h">
      <Filter>リソース ファイル\ヘッダー ファイル</Filter>
    </ClInclude>
    <ClInclude Include="code\bullet.h">
      <Filter>リソース ファイル\ヘッダー ファイル</Filter>
    </ClInclude>
    <ClInclude Include="code\bulletUI.h">
      <Filter>リソース ファイル\ヘッダー ファイル</Filter>
    </ClInclude>
    <ClInclude Include="code\camera.h">
      <Filter>リソース ファイル\ヘッダー ファイル</Filter>
    </ClInclude>
    <ClInclude Include="code\character.h">
      <Filter>リソース ファイル\ヘッダー ファイル</Filter>
    </ClInclude>
    <ClInclude Include="code\collision.h">
      <Filter>リソース ファイル\ヘッダー ファイル</Filter>
    </ClInclude>
    <ClInclude Include="code\debugproc.h">
      <Filter>リソース ファイル\ヘッダー ファイル</Filter>
    </ClInclude>
    <ClInclude Include="code\dispdetection.h">
      <Filter>リソース ファイル\ヘッダー ファイル</Filter>
    </ClInclude>
    <ClInclude Include="code\displife.h">
      <Filter>リソース ファイル\ヘッダー ファイル</Filter>
    </ClInclude>
    <ClInclude Include="code\effect.h">
      <Filter>リソース ファイル\ヘッダー ファイル</Filter>
    </ClInclude>
    <ClInclude Include="code\effectline.h">
      <Filter>リソース ファイル\ヘッダー ファイル</Filter>
    </ClInclude>
    <ClInclude Include="code\effectsord.h">
      <Filter>リソース ファイル\ヘッダー ファイル</Filter>
    </ClInclude>
    <ClInclude Include="code\enemy.h">
      <Filter>リソース ファイル\ヘッダー ファイル</Filter>
    </ClInclude>
    <ClInclude Include="code\enemyBoss.h">
      <Filter>リソース ファイル\ヘッダー ファイル</Filter>
    </ClInclude>
    <ClInclude Include="code\enemymanager.h">
      <Filter>リソース ファイル\ヘッダー ファイル</Filter>
    </ClInclude>
    <ClInclude Include="code\enemymedBoss.h">
      <Filter>リソース ファイル\ヘッダー ファイル</Filter>
    </ClInclude>
    <ClInclude Include="code\enemyweak.h">
      <Filter>リソース ファイル\ヘッダー ファイル</Filter>
    </ClInclude>
    <ClInclude Include="code\explosion.h">
      <Filter>リソース ファイル\ヘッダー ファイル</Filter>
    </ClInclude>
    <ClInclude Include="code\fade.h">
      <Filter>リソース ファイル\ヘッダー ファイル</Filter>
    </ClInclude>
    <ClInclude Include="code\field.h">
      <Filter>リソース ファイル\ヘッダー ファイル</Filter>
    </ClInclude>
    <ClInclude Include="code\frame.h">
      <Filter>リソース ファイル\ヘッダー ファイル</Filter>
    </ClInclude>
    <ClInclude Include="code\game.h">
      <Filter>リソース ファイル\ヘッダー ファイル</Filter>
    </ClInclude>
    <ClInclude Include="code\gameUI.h">
      <Filter>リソース ファイル\ヘッダー ファイル</Filter>
    </ClInclude>
    <ClInclude Include="code\icon.h">
      <Filter>リソース ファイル\ヘッダー ファイル</Filter>
    </ClInclude>
    <ClInclude Include="code\impact.h">
      <Filter>リソース ファイル\ヘッダー ファイル</Filter>
    </ClInclude>
    <ClInclude Include="code\input.h">
      <Filter>リソース ファイル\ヘッダー ファイル</Filter>
    </ClInclude>
    <ClInclude Include="code\item.h">
      <Filter>リソース ファイル\ヘッダー ファイル</Filter>
    </ClInclude>
    <ClInclude Include="code\itemicon.h">
      <Filter>リソース ファイル\ヘッダー ファイル</Filter>
    </ClInclude>
    <ClInclude Include="code\itemslot.h">
      <Filter>リソース ファイル\ヘッダー ファイル</Filter>
    </ClInclude>
    <ClInclude Include="code\life.h">
      <Filter>リソース ファイル\ヘッダー ファイル</Filter>
    </ClInclude>
    <ClInclude Include="code\lifegage.h">
      <Filter>リソース ファイル\ヘッダー ファイル</Filter>
    </ClInclude>
    <ClInclude Include="code\light.h">
      <Filter>リソース ファイル\ヘッダー ファイル</Filter>
    </ClInclude>
    <ClInclude Include="code\main.h">
      <Filter>リソース ファイル\ヘッダー ファイル</Filter>
    </ClInclude>
    <ClInclude Include="code\manager.h">
      <Filter>リソース ファイル\ヘッダー ファイル</Filter>
    </ClInclude>
    <ClInclude Include="code\map.h">
      <Filter>リソース ファイル\ヘッダー ファイル</Filter>
    </ClInclude>
    <ClInclude Include="code\model.h">
      <Filter>リソース ファイル\ヘッダー ファイル</Filter>
    </ClInclude>
    <ClInclude Include="code\motion.h">
      <Filter>リソース ファイル\ヘッダー ファイル</Filter>
    </ClInclude>
    <ClInclude Include="code\number.h">
      <Filter>リソース ファイル\ヘッダー ファイル</Filter>
    </ClInclude>
    <ClInclude Include="code\object.h">
      <Filter>リソース ファイル\ヘッダー ファイル</Filter>
    </ClInclude>
    <ClInclude Include="code\object2D.h">
      <Filter>リソース ファイル\ヘッダー ファイル</Filter>
    </ClInclude>
    <ClInclude Include="code\object3D.h">
      <Filter>リソース ファイル\ヘッダー ファイル</Filter>
    </ClInclude>
    <ClInclude Include="code\objectMesh.h">
      <Filter>リソース ファイル\ヘッダー ファイル</Filter>
    </ClInclude>
    <ClInclude Include="code\objectX.h">
      <Filter>リソース ファイル\ヘッダー ファイル</Filter>
    </ClInclude>
    <ClInclude Include="code\particl.h">
      <Filter>リソース ファイル\ヘッダー ファイル</Filter>
    </ClInclude>
    <ClInclude Include="code\pause.h">
      <Filter>リソース ファイル\ヘッダー ファイル</Filter>
    </ClInclude>
    <ClInclude Include="code\player.h">
      <Filter>リソース ファイル\ヘッダー ファイル</Filter>
    </ClInclude>
    <ClInclude Include="code\ranking.h">
      <Filter>リソース ファイル\ヘッダー ファイル</Filter>
    </ClInclude>
    <ClInclude Include="code\rankinglogo.h">
      <Filter>リソース ファイル\ヘッダー ファイル</Filter>
    </ClInclude>
    <ClInclude Include="code\renderer.h">
      <Filter>リソース ファイル\ヘッダー ファイル</Filter>
    </ClInclude>
    <ClInclude Include="code\result.h">
      <Filter>リソース ファイル\ヘッダー ファイル</Filter>
    </ClInclude>
    <ClInclude Include="code\score.h">
      <Filter>リソース ファイル\ヘッダー ファイル</Filter>
    </ClInclude>
    <ClInclude Include="code\shadow.h">
      <Filter>リソース ファイル\ヘッダー ファイル</Filter>
    </ClInclude>
    <ClInclude Include="code\sky.h">
      <Filter>リソース ファイル\ヘッダー ファイル</Filter>
    </ClInclude>
    <ClInclude Include="code\slot.h">
      <Filter>リソース ファイル\ヘッダー ファイル</Filter>
    </ClInclude>
    <ClInclude Include="code\sound.h">
      <Filter>リソース ファイル\ヘッダー ファイル</Filter>
    </ClInclude>
    <ClInclude Include="code\target.h">
      <Filter>リソース ファイル\ヘッダー ファイル</Filter>
    </ClInclude>
    <ClInclude Include="code\texture.h">
      <Filter>リソース ファイル\ヘッダー ファイル</Filter>
    </ClInclude>
    <ClInclude Include="code\time.h">
      <Filter>リソース ファイル\ヘッダー ファイル</Filter>
    </ClInclude>
    <ClInclude Include="code\title.h">
      <Filter>リソース ファイル\ヘッダー ファイル</Filter>
    </ClInclude>
    <ClInclude Include="code\titlelogo.h">
      <Filter>リソース ファイル\ヘッダー ファイル</Filter>
    </ClInclude>
    <ClInclude Include="code\titleUI.h">
      <Filter>リソース ファイル\ヘッダー ファイル</Filter>
    </ClInclude>
    <ClInclude Include="code\tutorial.h">
      <Filter>リソース ファイル\ヘッダー ファイル</Filter>
    </ClInclude>
    <ClInclude Include="code\tutorialAI.h">
      <Filter>リソース ファイル\ヘッダー ファイル</Filter>
    </ClInclude>
    <ClInclude Include="code\tutoriallogo.h">
      <Filter>リソース ファイル\ヘッダー ファイル</Filter>
    </ClInclude>
    <ClInclude Include="code\tutorialUI.h">
      <Filter>リソース ファイル\ヘッダー ファイル</Filter>
    </ClInclude>
  </ItemGroup>
  <ItemGroup>
    <Text Include="code\ranking.txt" />
  </ItemGroup>
</Project>